
Microsoft Visual Studio Solution File, Format Version 12.00
# Visual Studio Version 17
VisualStudioVersion = 17.7.34221.43
MinimumVisualStudioVersion = 10.0.40219.1
Project("{FAE04EC0-301F-11D3-BF4B-00C04F79EFBC}") = "CProduct", "CProduct\CProduct.csproj", "{F9AEB88E-762A-4808-94C7-F5102A2D9116}"
EndProject
Global
	GlobalSection(SolutionConfigurationPlatforms) = preSolution
		Debug|Any CPU = Debug|Any CPU
		Release|Any CPU = Release|Any CPU
	EndGlobalSection
	GlobalSection(ProjectConfigurationPlatforms) = postSolution
		{F9AEB88E-762A-4808-94C7-F5102A2D9116}.Debug|Any CPU.ActiveCfg = Debug|Any CPU
		{F9AEB88E-762A-4808-94C7-F5102A2D9116}.Debug|Any CPU.Build.0 = Debug|Any CPU
		{F9AEB88E-762A-4808-94C7-F5102A2D9116}.Release|Any CPU.ActiveCfg = Release|Any CPU
		{F9AEB88E-762A-4808-94C7-F5102A2D9116}.Release|Any CPU.Build.0 = Release|Any CPU
	EndGlobalSection
	GlobalSection(SolutionProperties) = preSolution
		HideSolutionNode = FALSE
	EndGlobalSection
	GlobalSection(ExtensibilityGlobals) = postSolution
		SolutionGuid = {3F54AD0C-B6FD-4C4F-94B1-AE78526A3E04}
	EndGlobalSection
EndGlobal
